
Microsoft Visual Studio Solution File, Format Version 12.00
# Visual Studio Version 16
VisualStudioVersion = 16.0.30523.141
MinimumVisualStudioVersion = 10.0.40219.1
Project("{FAE04EC0-301F-11D3-BF4B-00C04F79EFBC}") = "ExamenU", "ExamenU\ExamenU.csproj", "{CA1B1B4C-B37B-4D36-9B60-B9C241037D17}"
EndProject
Global
	GlobalSection(SolutionConfigurationPlatforms) = preSolution
		Debug|Any CPU = Debug|Any CPU
		Release|Any CPU = Release|Any CPU
	EndGlobalSection
	GlobalSection(ProjectConfigurationPlatforms) = postSolution
		{CA1B1B4C-B37B-4D36-9B60-B9C241037D17}.Debug|Any CPU.ActiveCfg = Debug|Any CPU
		{CA1B1B4C-B37B-4D36-9B60-B9C241037D17}.Debug|Any CPU.Build.0 = Debug|Any CPU
		{CA1B1B4C-B37B-4D36-9B60-B9C241037D17}.Release|Any CPU.ActiveCfg = Release|Any CPU
		{CA1B1B4C-B37B-4D36-9B60-B9C241037D17}.Release|Any CPU.Build.0 = Release|Any CPU
	EndGlobalSection
	GlobalSection(SolutionProperties) = preSolution
		HideSolutionNode = FALSE
	EndGlobalSection
	GlobalSection(ExtensibilityGlobals) = postSolution
		SolutionGuid = {0009AA42-F5C2-4FAD-BFC7-1CE6A59B9F94}
	EndGlobalSection
EndGlobal
